
Microsoft Visual Studio Solution File, Format Version 12.00
# Visual Studio Version 16
VisualStudioVersion = 16.0.30517.126
MinimumVisualStudioVersion = 10.0.40219.1
Project("{9A19103F-16F7-4668-BE54-9A1E7A4F7556}") = "SoccerClub.GraphQLServer", "src\SoccerClub.GraphQL\SoccerClub.GraphQLServer.csproj", "{80902B41-2B8A-439B-82D9-7FFBA04AF4F0}"
EndProject
Project("{2150E333-8FDC-42A3-9474-1A3956D46DE8}") = "src", "src", "{57B39C8A-52CA-4508-AA63-8E45D3098394}"
EndProject
Project("{2150E333-8FDC-42A3-9474-1A3956D46DE8}") = "test", "test", "{6268F9F6-8754-4A48-8C1F-57D84386F9CF}"
EndProject
Project("{9A19103F-16F7-4668-BE54-9A1E7A4F7556}") = "SoccerClub.GraphQL.IntegrationTests", "test\SoccerClub.GraphQLIntegrationTests\SoccerClub.GraphQL.IntegrationTests.csproj", "{6846E130-B65B-4DA7-B8AE-A609F554FBC2}"
EndProject
Global
	GlobalSection(SolutionConfigurationPlatforms) = preSolution
		Debug|Any CPU = Debug|Any CPU
		Release|Any CPU = Release|Any CPU
	EndGlobalSection
	GlobalSection(ProjectConfigurationPlatforms) = postSolution
		{80902B41-2B8A-439B-82D9-7FFBA04AF4F0}.Debug|Any CPU.ActiveCfg = Debug|Any CPU
		{80902B41-2B8A-439B-82D9-7FFBA04AF4F0}.Debug|Any CPU.Build.0 = Debug|Any CPU
		{80902B41-2B8A-439B-82D9-7FFBA04AF4F0}.Release|Any CPU.ActiveCfg = Release|Any CPU
		{80902B41-2B8A-439B-82D9-7FFBA04AF4F0}.Release|Any CPU.Build.0 = Release|Any CPU
		{6846E130-B65B-4DA7-B8AE-A609F554FBC2}.Debug|Any CPU.ActiveCfg = Debug|Any CPU
		{6846E130-B65B-4DA7-B8AE-A609F554FBC2}.Debug|Any CPU.Build.0 = Debug|Any CPU
		{6846E130-B65B-4DA7-B8AE-A609F554FBC2}.Release|Any CPU.ActiveCfg = Release|Any CPU
		{6846E130-B65B-4DA7-B8AE-A609F554FBC2}.Release|Any CPU.Build.0 = Release|Any CPU
	EndGlobalSection
	GlobalSection(SolutionProperties) = preSolution
		HideSolutionNode = FALSE
	EndGlobalSection
	GlobalSection(NestedProjects) = preSolution
		{80902B41-2B8A-439B-82D9-7FFBA04AF4F0} = {57B39C8A-52CA-4508-AA63-8E45D3098394}
		{6846E130-B65B-4DA7-B8AE-A609F554FBC2} = {6268F9F6-8754-4A48-8C1F-57D84386F9CF}
	EndGlobalSection
	GlobalSection(ExtensibilityGlobals) = postSolution
		SolutionGuid = {DE011BE6-9888-4384-9387-BA1E0A767AE5}
	EndGlobalSection
EndGlobal
